
Microsoft Visual Studio Solution File, Format Version 12.00
# Visual Studio 15
Project("{FAE04EC0-301F-11D3-BF4B-00C04F79EFBC}") = "Assembly-CSharp", "Assembly-CSharp.csproj", "{D77120E1-277F-D9DC-4480-70B854C01252}"
EndProject
Project("{FAE04EC0-301F-11D3-BF4B-00C04F79EFBC}") = "Assembly-CSharp-Editor", "Assembly-CSharp-Editor.csproj", "{075991F1-EA3D-F76B-F9FD-841F6B92F7EA}"
EndProject
Global
	GlobalSection(SolutionConfigurationPlatforms) = preSolution
		Debug|Any CPU = Debug|Any CPU
		Release|Any CPU = Release|Any CPU
	EndGlobalSection
	GlobalSection(ProjectConfigurationPlatforms) = postSolution
		{D77120E1-277F-D9DC-4480-70B854C01252}.Debug|Any CPU.ActiveCfg = Debug|Any CPU
		{D77120E1-277F-D9DC-4480-70B854C01252}.Debug|Any CPU.Build.0 = Debug|Any CPU
		{D77120E1-277F-D9DC-4480-70B854C01252}.Release|Any CPU.ActiveCfg = Release|Any CPU
		{D77120E1-277F-D9DC-4480-70B854C01252}.Release|Any CPU.Build.0 = Release|Any CPU
		{075991F1-EA3D-F76B-F9FD-841F6B92F7EA}.Debug|Any CPU.ActiveCfg = Debug|Any CPU
		{075991F1-EA3D-F76B-F9FD-841F6B92F7EA}.Debug|Any CPU.Build.0 = Debug|Any CPU
		{075991F1-EA3D-F76B-F9FD-841F6B92F7EA}.Release|Any CPU.ActiveCfg = Release|Any CPU
		{075991F1-EA3D-F76B-F9FD-841F6B92F7EA}.Release|Any CPU.Build.0 = Release|Any CPU
	EndGlobalSection
	GlobalSection(SolutionProperties) = preSolution
		HideSolutionNode = FALSE
	EndGlobalSection
EndGlobal
