
Microsoft Visual Studio Solution File, Format Version 12.00
# Visual Studio 15
Project("{FAE04EC0-301F-11D3-BF4B-00C04F79EFBC}") = "Assembly-CSharp", "Assembly-CSharp.csproj", "{62D0260A-1AEA-0D0D-A0B9-3362B7C05136}"
EndProject
Global
	GlobalSection(SolutionConfigurationPlatforms) = preSolution
		Debug|Any CPU = Debug|Any CPU
		Release|Any CPU = Release|Any CPU
	EndGlobalSection
	GlobalSection(ProjectConfigurationPlatforms) = postSolution
		{62D0260A-1AEA-0D0D-A0B9-3362B7C05136}.Debug|Any CPU.ActiveCfg = Debug|Any CPU
		{62D0260A-1AEA-0D0D-A0B9-3362B7C05136}.Debug|Any CPU.Build.0 = Debug|Any CPU
		{62D0260A-1AEA-0D0D-A0B9-3362B7C05136}.Release|Any CPU.ActiveCfg = Release|Any CPU
		{62D0260A-1AEA-0D0D-A0B9-3362B7C05136}.Release|Any CPU.Build.0 = Release|Any CPU
	EndGlobalSection
	GlobalSection(SolutionProperties) = preSolution
		HideSolutionNode = FALSE
	EndGlobalSection
EndGlobal
